// !$*UTF8*$!
{
	archiveVersion = 1;
	classes = {
	};
	objectVersion = 46;
	objects = {

/* Begin PBXBuildFile section */
		6320F6931EBE265B0061D5B0 /* MainViewController.swift in Sources */ = {isa = PBXBuildFile; fileRef = 6320F6921EBE265B0061D5B0 /* MainViewController.swift */; };
		6320F6951EBE27960061D5B0 /* GoogleService-Info.plist in Resources */ = {isa = PBXBuildFile; fileRef = 6320F6941EBE27960061D5B0 /* GoogleService-Info.plist */; };
		638802051EBE1ED30056A9B8 /* AppDelegate.swift in Sources */ = {isa = PBXBuildFile; fileRef = 638802041EBE1ED30056A9B8 /* AppDelegate.swift */; };
		638802071EBE1ED30056A9B8 /* ViewController.swift in Sources */ = {isa = PBXBuildFile; fileRef = 638802061EBE1ED30056A9B8 /* ViewController.swift */; };
		6388020A1EBE1ED30056A9B8 /* Main.storyboard in Resources */ = {isa = PBXBuildFile; fileRef = 638802081EBE1ED30056A9B8 /* Main.storyboard */; };
		6388020C1EBE1ED30056A9B8 /* Assets.xcassets in Resources */ = {isa = PBXBuildFile; fileRef = 6388020B1EBE1ED30056A9B8 /* Assets.xcassets */; };
		6388020F1EBE1ED30056A9B8 /* LaunchScreen.storyboard in Resources */ = {isa = PBXBuildFile; fileRef = 6388020D1EBE1ED30056A9B8 /* LaunchScreen.storyboard */; };
		6388021A1EBE1ED30056A9B8 /* firebaseAuthTestTests.swift in Sources */ = {isa = PBXBuildFile; fileRef = 638802191EBE1ED30056A9B8 /* firebaseAuthTestTests.swift */; };
		638802251EBE1ED30056A9B8 /* firebaseAuthTestUITests.swift in Sources */ = {isa = PBXBuildFile; fileRef = 638802241EBE1ED30056A9B8 /* firebaseAuthTestUITests.swift */; };
		67699F9F1FBB96DB06C60B01 /* Pods_firebaseAuthTestUITests.framework in Frameworks */ = {isa = PBXBuildFile; fileRef = 985CE17B6FFA507626A064DE /* Pods_firebaseAuthTestUITests.framework */; };
		9E9375C97A4D65010895A8E8 /* Pods_firebaseAuthTest.framework in Frameworks */ = {isa = PBXBuildFile; fileRef = 8C516130728B8120F3AB6EE3 /* Pods_firebaseAuthTest.framework */; };
		B912A3166F716C1C4CEE39BA /* Pods_firebaseAuthTestTests.framework in Frameworks */ = {isa = PBXBuildFile; fileRef = 1CB9BC2E9E57287BABC0FD4A /* Pods_firebaseAuthTestTests.framework */; };
/* End PBXBuildFile section */

/* Begin PBXContainerItemProxy section */
		638802161EBE1ED30056A9B8 /* PBXContainerItemProxy */ = {
			isa = PBXContainerItemProxy;
			containerPortal = 638801F91EBE1ED30056A9B8 /* Project object */;
			proxyType = 1;
			remoteGlobalIDString = 638802001EBE1ED30056A9B8;
			remoteInfo = firebaseAuthTest;
		};
		638802211EBE1ED30056A9B8 /* PBXContainerItemProxy */ = {
			isa = PBXContainerItemProxy;
			containerPortal = 638801F91EBE1ED30056A9B8 /* Project object */;
			proxyType = 1;
			remoteGlobalIDString = 638802001EBE1ED30056A9B8;
			remoteInfo = firebaseAuthTest;
		};
/* End PBXContainerItemProxy section */

/* Begin PBXFileReference section */
		135B369A3F45C777BE44E764 /* Pods-firebaseAuthTestUITests.release.xcconfig */ = {isa = PBXFileReference; includeInIndex = 1; lastKnownFileType = text.xcconfig; name = "Pods-firebaseAuthTestUITests.release.xcconfig"; path = "Pods/Target Support Files/Pods-firebaseAuthTestUITests/Pods-firebaseAuthTestUITests.release.xcconfig"; sourceTree = "<group>"; };
		16E319E0F7982D6BD458FD3C /* Pods-firebaseAuthTest.release.xcconfig */ = {isa = PBXFileReference; includeInIndex = 1; lastKnownFileType = text.xcconfig; name = "Pods-firebaseAuthTest.release.xcconfig"; path = "Pods/Target Support Files/Pods-firebaseAuthTest/Pods-firebaseAuthTest.release.xcconfig"; sourceTree = "<group>"; };
		1CB9BC2E9E57287BABC0FD4A /* Pods_firebaseAuthTestTests.framework */ = {isa = PBXFileReference; explicitFileType = wrapper.framework; includeInIndex = 0; path = Pods_firebaseAuthTestTests.framework; sourceTree = BUILT_PRODUCTS_DIR; };
		205A3AD914291B268F9D3CDB /* Pods-firebaseAuthTestTests.debug.xcconfig */ = {isa = PBXFileReference; includeInIndex = 1; lastKnownFileType = text.xcconfig; name = "Pods-firebaseAuthTestTests.debug.xcconfig"; path = "Pods/Target Support Files/Pods-firebaseAuthTestTests/Pods-firebaseAuthTestTests.debug.xcconfig"; sourceTree = "<group>"; };
		24B67397F86CAE8C456645BF /* Pods-firebaseAuthTest.debug.xcconfig */ = {isa = PBXFileReference; includeInIndex = 1; lastKnownFileType = text.xcconfig; name = "Pods-firebaseAuthTest.debug.xcconfig"; path = "Pods/Target Support Files/Pods-firebaseAuthTest/Pods-firebaseAuthTest.debug.xcconfig"; sourceTree = "<group>"; };
		345AF068C609B5AA2409E0B2 /* Pods-firebaseAuthTestUITests.debug.xcconfig */ = {isa = PBXFileReference; includeInIndex = 1; lastKnownFileType = text.xcconfig; name = "Pods-firebaseAuthTestUITests.debug.xcconfig"; path = "Pods/Target Support Files/Pods-firebaseAuthTestUITests/Pods-firebaseAuthTestUITests.debug.xcconfig"; sourceTree = "<group>"; };
		6320F6921EBE265B0061D5B0 /* MainViewController.swift */ = {isa = PBXFileReference; fileEncoding = 4; lastKnownFileType = sourcecode.swift; path = MainViewController.swift; sourceTree = "<group>"; };
		6320F6941EBE27960061D5B0 /* GoogleService-Info.plist */ = {isa = PBXFileReference; fileEncoding = 4; lastKnownFileType = text.plist.xml; path = "GoogleService-Info.plist"; sourceTree = "<group>"; };
		638802011EBE1ED30056A9B8 /* firebaseAuthTest.app */ = {isa = PBXFileReference; explicitFileType = wrapper.application; includeInIndex = 0; path = firebaseAuthTest.app; sourceTree = BUILT_PRODUCTS_DIR; };
		638802041EBE1ED30056A9B8 /* AppDelegate.swift */ = {isa = PBXFileReference; lastKnownFileType = sourcecode.swift; path = AppDelegate.swift; sourceTree = "<group>"; };
		638802061EBE1ED30056A9B8 /* ViewController.swift */ = {isa = PBXFileReference; lastKnownFileType = sourcecode.swift; path = ViewController.swift; sourceTree = "<group>"; };
		638802091EBE1ED30056A9B8 /* Base */ = {isa = PBXFileReference; lastKnownFileType = file.storyboard; name = Base; path = Base.lproj/Main.storyboard; sourceTree = "<group>"; };
		6388020B1EBE1ED30056A9B8 /* Assets.xcassets */ = {isa = PBXFileReference; lastKnownFileType = folder.assetcatalog; path = Assets.xcassets; sourceTree = "<group>"; };
		6388020E1EBE1ED30056A9B8 /* Base */ = {isa = PBXFileReference; lastKnownFileType = file.storyboard; name = Base; path = Base.lproj/LaunchScreen.storyboard; sourceTree = "<group>"; };
		638802101EBE1ED30056A9B8 /* Info.plist */ = {isa = PBXFileReference; lastKnownFileType = text.plist.xml; path = Info.plist; sourceTree = "<group>"; };
		638802151EBE1ED30056A9B8 /* firebaseAuthTestTests.xctest */ = {isa = PBXFileReference; explicitFileType = wrapper.cfbundle; includeInIndex = 0; path = firebaseAuthTestTests.xctest; sourceTree = BUILT_PRODUCTS_DIR; };
		638802191EBE1ED30056A9B8 /* firebaseAuthTestTests.swift */ = {isa = PBXFileReference; lastKnownFileType = sourcecode.swift; path = firebaseAuthTestTests.swift; sourceTree = "<group>"; };
		6388021B1EBE1ED30056A9B8 /* Info.plist */ = {isa = PBXFileReference; lastKnownFileType = text.plist.xml; path = Info.plist; sourceTree = "<group>"; };
		638802201EBE1ED30056A9B8 /* firebaseAuthTestUITests.xctest */ = {isa = PBXFileReference; explicitFileType = wrapper.cfbundle; includeInIndex = 0; path = firebaseAuthTestUITests.xctest; sourceTree = BUILT_PRODUCTS_DIR; };
		638802241EBE1ED30056A9B8 /* firebaseAuthTestUITests.swift */ = {isa = PBXFileReference; lastKnownFileType = sourcecode.swift; path = firebaseAuthTestUITests.swift; sourceTree = "<group>"; };
		638802261EBE1ED30056A9B8 /* Info.plist */ = {isa = PBXFileReference; lastKnownFileType = text.plist.xml; path = Info.plist; sourceTree = "<group>"; };
		8C516130728B8120F3AB6EE3 /* Pods_firebaseAuthTest.framework */ = {isa = PBXFileReference; explicitFileType = wrapper.framework; includeInIndex = 0; path = Pods_firebaseAuthTest.framework; sourceTree = BUILT_PRODUCTS_DIR; };
		985CE17B6FFA507626A064DE /* Pods_firebaseAuthTestUITests.framework */ = {isa = PBXFileReference; explicitFileType = wrapper.framework; includeInIndex = 0; path = Pods_firebaseAuthTestUITests.framework; sourceTree = BUILT_PRODUCTS_DIR; };
		B7F06E0A3F02B0384D0F8536 /* Pods-firebaseAuthTestTests.release.xcconfig */ = {isa = PBXFileReference; includeInIndex = 1; lastKnownFileType = text.xcconfig; name = "Pods-firebaseAuthTestTests.release.xcconfig"; path = "Pods/Target Support Files/Pods-firebaseAuthTestTests/Pods-firebaseAuthTestTests.release.xcconfig"; sourceTree = "<group>"; };
/* End PBXFileReference section */

/* Begin PBXFrameworksBuildPhase section */
		638801FE1EBE1ED30056A9B8 /* Frameworks */ = {
			isa = PBXFrameworksBuildPhase;
			buildActionMask = 2147483647;
			files = (
				9E9375C97A4D65010895A8E8 /* Pods_firebaseAuthTest.framework in Frameworks */,
			);
			runOnlyForDeploymentPostprocessing = 0;
		};
		638802121EBE1ED30056A9B8 /* Frameworks */ = {
			isa = PBXFrameworksBuildPhase;
			buildActionMask = 2147483647;
			files = (
				B912A3166F716C1C4CEE39BA /* Pods_firebaseAuthTestTests.framework in Frameworks */,
			);
			runOnlyForDeploymentPostprocessing = 0;
		};
		6388021D1EBE1ED30056A9B8 /* Frameworks */ = {
			isa = PBXFrameworksBuildPhase;
			buildActionMask = 2147483647;
			files = (
				67699F9F1FBB96DB06C60B01 /* Pods_firebaseAuthTestUITests.framework in Frameworks */,
			);
			runOnlyForDeploymentPostprocessing = 0;
		};
/* End PBXFrameworksBuildPhase section */

/* Begin PBXGroup section */
		2EFDC0A80A8B44703EEE9B51 /* Pods */ = {
			isa = PBXGroup;
			children = (
				24B67397F86CAE8C456645BF /* Pods-firebaseAuthTest.debug.xcconfig */,
				16E319E0F7982D6BD458FD3C /* Pods-firebaseAuthTest.release.xcconfig */,
				205A3AD914291B268F9D3CDB /* Pods-firebaseAuthTestTests.debug.xcconfig */,
				B7F06E0A3F02B0384D0F8536 /* Pods-firebaseAuthTestTests.release.xcconfig */,
				345AF068C609B5AA2409E0B2 /* Pods-firebaseAuthTestUITests.debug.xcconfig */,
				135B369A3F45C777BE44E764 /* Pods-firebaseAuthTestUITests.release.xcconfig */,
			);
			name = Pods;
			sourceTree = "<group>";
		};
		638801F81EBE1ED30056A9B8 = {
			isa = PBXGroup;
			children = (
				638802031EBE1ED30056A9B8 /* firebaseAuthTest */,
				638802181EBE1ED30056A9B8 /* firebaseAuthTestTests */,
				638802231EBE1ED30056A9B8 /* firebaseAuthTestUITests */,
				638802021EBE1ED30056A9B8 /* Products */,
				2EFDC0A80A8B44703EEE9B51 /* Pods */,
				BA5BD367476B90263A09A2C2 /* Frameworks */,
			);
			sourceTree = "<group>";
		};
		638802021EBE1ED30056A9B8 /* Products */ = {
			isa = PBXGroup;
			children = (
				638802011EBE1ED30056A9B8 /* firebaseAuthTest.app */,
				638802151EBE1ED30056A9B8 /* firebaseAuthTestTests.xctest */,
				638802201EBE1ED30056A9B8 /* firebaseAuthTestUITests.xctest */,
			);
			name = Products;
			sourceTree = "<group>";
		};
		638802031EBE1ED30056A9B8 /* firebaseAuthTest */ = {
			isa = PBXGroup;
			children = (
				638802041EBE1ED30056A9B8 /* AppDelegate.swift */,
				638802061EBE1ED30056A9B8 /* ViewController.swift */,
				6320F6921EBE265B0061D5B0 /* MainViewController.swift */,
				638802081EBE1ED30056A9B8 /* Main.storyboard */,
				6388020B1EBE1ED30056A9B8 /* Assets.xcassets */,
				6388020D1EBE1ED30056A9B8 /* LaunchScreen.storyboard */,
				638802101EBE1ED30056A9B8 /* Info.plist */,
				6320F6941EBE27960061D5B0 /* GoogleService-Info.plist */,
			);
			path = firebaseAuthTest;
			sourceTree = "<group>";
		};
		638802181EBE1ED30056A9B8 /* firebaseAuthTestTests */ = {
			isa = PBXGroup;
			children = (
				638802191EBE1ED30056A9B8 /* firebaseAuthTestTests.swift */,
				6388021B1EBE1ED30056A9B8 /* Info.plist */,
			);
			path = firebaseAuthTestTests;
			sourceTree = "<group>";
		};
		638802231EBE1ED30056A9B8 /* firebaseAuthTestUITests */ = {
			isa = PBXGroup;
			children = (
				638802241EBE1ED30056A9B8 /* firebaseAuthTestUITests.swift */,
				638802261EBE1ED30056A9B8 /* Info.plist */,
			);
			path = firebaseAuthTestUITests;
			sourceTree = "<group>";
		};
		BA5BD367476B90263A09A2C2 /* Frameworks */ = {
			isa = PBXGroup;
			children = (
				8C516130728B8120F3AB6EE3 /* Pods_firebaseAuthTest.framework */,
				1CB9BC2E9E57287BABC0FD4A /* Pods_firebaseAuthTestTests.framework */,
				985CE17B6FFA507626A064DE /* Pods_firebaseAuthTestUITests.framework */,
			);
			name = Frameworks;
			sourceTree = "<group>";
		};
/* End PBXGroup section */

/* Begin PBXNativeTarget section */
		638802001EBE1ED30056A9B8 /* firebaseAuthTest */ = {
			isa = PBXNativeTarget;
			buildConfigurationList = 638802291EBE1ED30056A9B8 /* Build configuration list for PBXNativeTarget "firebaseAuthTest" */;
			buildPhases = (
				1F8601E07A4878BCAB45D09C /* [CP] Check Pods Manifest.lock */,
				638801FD1EBE1ED30056A9B8 /* Sources */,
				638801FE1EBE1ED30056A9B8 /* Frameworks */,
				638801FF1EBE1ED30056A9B8 /* Resources */,
				3B9F5706620A04334189DAC3 /* [CP] Embed Pods Frameworks */,
				0F42C6688F8E630B44CFFB91 /* [CP] Copy Pods Resources */,
			);
			buildRules = (
			);
			dependencies = (
			);
			name = firebaseAuthTest;
			productName = firebaseAuthTest;
			productReference = 638802011EBE1ED30056A9B8 /* firebaseAuthTest.app */;
			productType = "com.apple.product-type.application";
		};
		638802141EBE1ED30056A9B8 /* firebaseAuthTestTests */ = {
			isa = PBXNativeTarget;
			buildConfigurationList = 6388022C1EBE1ED30056A9B8 /* Build configuration list for PBXNativeTarget "firebaseAuthTestTests" */;
			buildPhases = (
				6193CCA81A9E6964C753581F /* [CP] Check Pods Manifest.lock */,
				638802111EBE1ED30056A9B8 /* Sources */,
				638802121EBE1ED30056A9B8 /* Frameworks */,
				638802131EBE1ED30056A9B8 /* Resources */,
				AD31C528F4675B60DA97F2ED /* [CP] Embed Pods Frameworks */,
				8771FB2CEEDEE87FB8D6ABE0 /* [CP] Copy Pods Resources */,
			);
			buildRules = (
			);
			dependencies = (
				638802171EBE1ED30056A9B8 /* PBXTargetDependency */,
			);
			name = firebaseAuthTestTests;
			productName = firebaseAuthTestTests;
			productReference = 638802151EBE1ED30056A9B8 /* firebaseAuthTestTests.xctest */;
			productType = "com.apple.product-type.bundle.unit-test";
		};
		6388021F1EBE1ED30056A9B8 /* firebaseAuthTestUITests */ = {
			isa = PBXNativeTarget;
			buildConfigurationList = 6388022F1EBE1ED30056A9B8 /* Build configuration list for PBXNativeTarget "firebaseAuthTestUITests" */;
			buildPhases = (
				D6BF4B6783F02CAAB1413A5D /* [CP] Check Pods Manifest.lock */,
				6388021C1EBE1ED30056A9B8 /* Sources */,
				6388021D1EBE1ED30056A9B8 /* Frameworks */,
				6388021E1EBE1ED30056A9B8 /* Resources */,
				37D690493598A27B7E9F93C9 /* [CP] Embed Pods Frameworks */,
				5DD3C74EDA0E0C3E462D53C3 /* [CP] Copy Pods Resources */,
			);
			buildRules = (
			);
			dependencies = (
				638802221EBE1ED30056A9B8 /* PBXTargetDependency */,
			);
			name = firebaseAuthTestUITests;
			productName = firebaseAuthTestUITests;
			productReference = 638802201EBE1ED30056A9B8 /* firebaseAuthTestUITests.xctest */;
			productType = "com.apple.product-type.bundle.ui-testing";
		};
/* End PBXNativeTarget section */

/* Begin PBXProject section */
		638801F91EBE1ED30056A9B8 /* Project object */ = {
			isa = PBXProject;
			attributes = {
				LastSwiftUpdateCheck = 0830;
				LastUpgradeCheck = 0830;
				ORGANIZATIONNAME = "Yamaguchi Wataru";
				TargetAttributes = {
					638802001EBE1ED30056A9B8 = {
						CreatedOnToolsVersion = 8.3.2;
						DevelopmentTeam = EEH4FF7F6Q;
						ProvisioningStyle = Automatic;
					};
					638802141EBE1ED30056A9B8 = {
						CreatedOnToolsVersion = 8.3.2;
						DevelopmentTeam = EEH4FF7F6Q;
						ProvisioningStyle = Automatic;
						TestTargetID = 638802001EBE1ED30056A9B8;
					};
					6388021F1EBE1ED30056A9B8 = {
						CreatedOnToolsVersion = 8.3.2;
						DevelopmentTeam = EEH4FF7F6Q;
						ProvisioningStyle = Automatic;
						TestTargetID = 638802001EBE1ED30056A9B8;
					};
				};
			};
			buildConfigurationList = 638801FC1EBE1ED30056A9B8 /* Build configuration list for PBXProject "firebaseAuthTest" */;
			compatibilityVersion = "Xcode 3.2";
			developmentRegion = English;
			hasScannedForEncodings = 0;
			knownRegions = (
				en,
				Base,
			);
			mainGroup = 638801F81EBE1ED30056A9B8;
			productRefGroup = 638802021EBE1ED30056A9B8 /* Products */;
			projectDirPath = "";
			projectRoot = "";
			targets = (
				638802001EBE1ED30056A9B8 /* firebaseAuthTest */,
				638802141EBE1ED30056A9B8 /* firebaseAuthTestTests */,
				6388021F1EBE1ED30056A9B8 /* firebaseAuthTestUITests */,
			);
		};
/* End PBXProject section */

/* Begin PBXResourcesBuildPhase section */
		638801FF1EBE1ED30056A9B8 /* Resources */ = {
			isa = PBXResourcesBuildPhase;
			buildActionMask = 2147483647;
			files = (
				6388020F1EBE1ED30056A9B8 /* LaunchScreen.storyboard in Resources */,
				6320F6951EBE27960061D5B0 /* GoogleService-Info.plist in Resources */,
				6388020C1EBE1ED30056A9B8 /* Assets.xcassets in Resources */,
				6388020A1EBE1ED30056A9B8 /* Main.storyboard in Resources */,
			);
			runOnlyForDeploymentPostprocessing = 0;
		};
		638802131EBE1ED30056A9B8 /* Resources */ = {
			isa = PBXResourcesBuildPhase;
			buildActionMask = 2147483647;
			files = (
			);
			runOnlyForDeploymentPostprocessing = 0;
		};
		6388021E1EBE1ED30056A9B8 /* Resources */ = {
			isa = PBXResourcesBuildPhase;
			buildActionMask = 2147483647;
			files = (
			);
			runOnlyForDeploymentPostprocessing = 0;
		};
/* End PBXResourcesBuildPhase section */

/* Begin PBXShellScriptBuildPhase section */
		0F42C6688F8E630B44CFFB91 /* [CP] Copy Pods Resources */ = {
			isa = PBXShellScriptBuildPhase;
			buildActionMask = 2147483647;
			files = (
			);
			inputPaths = (
			);
			name = "[CP] Copy Pods Resources";
			outputPaths = (
			);
			runOnlyForDeploymentPostprocessing = 0;
			shellPath = /bin/sh;
			shellScript = "\"${SRCROOT}/Pods/Target Support Files/Pods-firebaseAuthTest/Pods-firebaseAuthTest-resources.sh\"\n";
			showEnvVarsInLog = 0;
		};
		1F8601E07A4878BCAB45D09C /* [CP] Check Pods Manifest.lock */ = {
			isa = PBXShellScriptBuildPhase;
			buildActionMask = 2147483647;
			files = (
			);
			inputPaths = (
			);
			name = "[CP] Check Pods Manifest.lock";
			outputPaths = (
			);
			runOnlyForDeploymentPostprocessing = 0;
			shellPath = /bin/sh;
			shellScript = "diff \"${PODS_ROOT}/../Podfile.lock\" \"${PODS_ROOT}/Manifest.lock\" > /dev/null\nif [ $? != 0 ] ; then\n    # print error to STDERR\n    echo \"error: The sandbox is not in sync with the Podfile.lock. Run 'pod install' or update your CocoaPods installation.\" >&2\n    exit 1\nfi\n";
			showEnvVarsInLog = 0;
		};
		37D690493598A27B7E9F93C9 /* [CP] Embed Pods Frameworks */ = {
			isa = PBXShellScriptBuildPhase;
			buildActionMask = 2147483647;
			files = (
			);
			inputPaths = (
			);
			name = "[CP] Embed Pods Frameworks";
			outputPaths = (
			);
			runOnlyForDeploymentPostprocessing = 0;
			shellPath = /bin/sh;
			shellScript = "\"${SRCROOT}/Pods/Target Support Files/Pods-firebaseAuthTestUITests/Pods-firebaseAuthTestUITests-frameworks.sh\"\n";
			showEnvVarsInLog = 0;
		};
		3B9F5706620A04334189DAC3 /* [CP] Embed Pods Frameworks */ = {
			isa = PBXShellScriptBuildPhase;
			buildActionMask = 2147483647;
			files = (
			);
			inputPaths = (
			);
			name = "[CP] Embed Pods Frameworks";
			outputPaths = (
			);
			runOnlyForDeploymentPostprocessing = 0;
			shellPath = /bin/sh;
			shellScript = "\"${SRCROOT}/Pods/Target Support Files/Pods-firebaseAuthTest/Pods-firebaseAuthTest-frameworks.sh\"\n";
			showEnvVarsInLog = 0;
		};
		5DD3C74EDA0E0C3E462D53C3 /* [CP] Copy Pods Resources */ = {
			isa = PBXShellScriptBuildPhase;
			buildActionMask = 2147483647;
			files = (
			);
			inputPaths = (
			);
			name = "[CP] Copy Pods Resources";
			outputPaths = (
			);
			runOnlyForDeploymentPostprocessing = 0;
			shellPath = /bin/sh;
			shellScript = "\"${SRCROOT}/Pods/Target Support Files/Pods-firebaseAuthTestUITests/Pods-firebaseAuthTestUITests-resources.sh\"\n";
			showEnvVarsInLog = 0;
		};
		6193CCA81A9E6964C753581F /* [CP] Check Pods Manifest.lock */ = {
			isa = PBXShellScriptBuildPhase;
			buildActionMask = 2147483647;
			files = (
			);
			inputPaths = (
			);
			name = "[CP] Check Pods Manifest.lock";
			outputPaths = (
			);
			runOnlyForDeploymentPostprocessing = 0;
			shellPath = /bin/sh;
			shellScript = "diff \"${PODS_ROOT}/../Podfile.lock\" \"${PODS_ROOT}/Manifest.lock\" > /dev/null\nif [ $? != 0 ] ; then\n    # print error to STDERR\n    echo \"error: The sandbox is not in sync with the Podfile.lock. Run 'pod install' or update your CocoaPods installation.\" >&2\n    exit 1\nfi\n";
			showEnvVarsInLog = 0;
		};
		8771FB2CEEDEE87FB8D6ABE0 /* [CP] Copy Pods Resources */ = {
			isa = PBXShellScriptBuildPhase;
			buildActionMask = 2147483647;
			files = (
			);
			inputPaths = (
			);
			name = "[CP] Copy Pods Resources";
			outputPaths = (
			);
			runOnlyForDeploymentPostprocessing = 0;
			shellPath = /bin/sh;
			shellScript = "\"${SRCROOT}/Pods/Target Support Files/Pods-firebaseAuthTestTests/Pods-firebaseAuthTestTests-resources.sh\"\n";
			showEnvVarsInLog = 0;
		};
		AD31C528F4675B60DA97F2ED /* [CP] Embed Pods Frameworks */ = {
			isa = PBXShellScriptBuildPhase;
			buildActionMask = 2147483647;
			files = (
			);
			inputPaths = (
			);
			name = "[CP] Embed Pods Frameworks";
			outputPaths = (
			);
			runOnlyForDeploymentPostprocessing = 0;
			shellPath = /bin/sh;
			shellScript = "\"${SRCROOT}/Pods/Target Support Files/Pods-firebaseAuthTestTests/Pods-firebaseAuthTestTests-frameworks.sh\"\n";
			showEnvVarsInLog = 0;
		};
		D6BF4B6783F02CAAB1413A5D /* [CP] Check Pods Manifest.lock */ = {
			isa = PBXShellScriptBuildPhase;
			buildActionMask = 2147483647;
			files = (
			);
			inputPaths = (
			);
			name = "[CP] Check Pods Manifest.lock";
			outputPaths = (
			);
			runOnlyForDeploymentPostprocessing = 0;
			shellPath = /bin/sh;
			shellScript = "diff \"${PODS_ROOT}/../Podfile.lock\" \"${PODS_ROOT}/Manifest.lock\" > /dev/null\nif [ $? != 0 ] ; then\n    # print error to STDERR\n    echo \"error: The sandbox is not in sync with the Podfile.lock. Run 'pod install' or update your CocoaPods installation.\" >&2\n    exit 1\nfi\n";
			showEnvVarsInLog = 0;
		};
/* End PBXShellScriptBuildPhase section */

/* Begin PBXSourcesBuildPhase section */
		638801FD1EBE1ED30056A9B8 /* Sources */ = {
			isa = PBXSourcesBuildPhase;
			buildActionMask = 2147483647;
			files = (
				6320F6931EBE265B0061D5B0 /* MainViewController.swift in Sources */,
				638802071EBE1ED30056A9B8 /* ViewController.swift in Sources */,
				638802051EBE1ED30056A9B8 /* AppDelegate.swift in Sources */,
			);
			runOnlyForDeploymentPostprocessing = 0;
		};
		638802111EBE1ED30056A9B8 /* Sources */ = {
			isa = PBXSourcesBuildPhase;
			buildActionMask = 2147483647;
			files = (
				6388021A1EBE1ED30056A9B8 /* firebaseAuthTestTests.swift in Sources */,
			);
			runOnlyForDeploymentPostprocessing = 0;
		};
		6388021C1EBE1ED30056A9B8 /* Sources */ = {
			isa = PBXSourcesBuildPhase;
			buildActionMask = 2147483647;
			files = (
				638802251EBE1ED30056A9B8 /* firebaseAuthTestUITests.swift in Sources */,
			);
			runOnlyForDeploymentPostprocessing = 0;
		};
/* End PBXSourcesBuildPhase section */

/* Begin PBXTargetDependency section */
		638802171EBE1ED30056A9B8 /* PBXTargetDependency */ = {
			isa = PBXTargetDependency;
			target = 638802001EBE1ED30056A9B8 /* firebaseAuthTest */;
			targetProxy = 638802161EBE1ED30056A9B8 /* PBXContainerItemProxy */;
		};
		638802221EBE1ED30056A9B8 /* PBXTargetDependency */ = {
			isa = PBXTargetDependency;
			target = 638802001EBE1ED30056A9B8 /* firebaseAuthTest */;
			targetProxy = 638802211EBE1ED30056A9B8 /* PBXContainerItemProxy */;
		};
/* End PBXTargetDependency section */

/* Begin PBXVariantGroup section */
		638802081EBE1ED30056A9B8 /* Main.storyboard */ = {
			isa = PBXVariantGroup;
			children = (
				638802091EBE1ED30056A9B8 /* Base */,
			);
			name = Main.storyboard;
			sourceTree = "<group>";
		};
		6388020D1EBE1ED30056A9B8 /* LaunchScreen.storyboard */ = {
			isa = PBXVariantGroup;
			children = (
				6388020E1EBE1ED30056A9B8 /* Base */,
			);
			name = LaunchScreen.storyboard;
			sourceTree = "<group>";
		};
/* End PBXVariantGroup section */

/* Begin XCBuildConfiguration section */
		638802271EBE1ED30056A9B8 /* Debug */ = {
			isa = XCBuildConfiguration;
			buildSettings = {
				ALWAYS_SEARCH_USER_PATHS = NO;
				CLANG_ANALYZER_NONNULL = YES;
				CLANG_ANALYZER_NUMBER_OBJECT_CONVERSION = YES_AGGRESSIVE;
				CLANG_CXX_LANGUAGE_STANDARD = "gnu++0x";
				CLANG_CXX_LIBRARY = "libc++";
				CLANG_ENABLE_MODULES = YES;
				CLANG_ENABLE_OBJC_ARC = YES;
				CLANG_WARN_BOOL_CONVERSION = YES;
				CLANG_WARN_CONSTANT_CONVERSION = YES;
				CLANG_WARN_DIRECT_OBJC_ISA_USAGE = YES_ERROR;
				CLANG_WARN_DOCUMENTATION_COMMENTS = YES;
				CLANG_WARN_EMPTY_BODY = YES;
				CLANG_WARN_ENUM_CONVERSION = YES;
				CLANG_WARN_INFINITE_RECURSION = YES;
				CLANG_WARN_INT_CONVERSION = YES;
				CLANG_WARN_OBJC_ROOT_CLASS = YES_ERROR;
				CLANG_WARN_SUSPICIOUS_MOVE = YES;
				CLANG_WARN_UNREACHABLE_CODE = YES;
				CLANG_WARN__DUPLICATE_METHOD_MATCH = YES;
				"CODE_SIGN_IDENTITY[sdk=iphoneos*]" = "iPhone Developer";
				COPY_PHASE_STRIP = NO;
				DEBUG_INFORMATION_FORMAT = dwarf;
				ENABLE_STRICT_OBJC_MSGSEND = YES;
				ENABLE_TESTABILITY = YES;
				GCC_C_LANGUAGE_STANDARD = gnu99;
				GCC_DYNAMIC_NO_PIC = NO;
				GCC_NO_COMMON_BLOCKS = YES;
				GCC_OPTIMIZATION_LEVEL = 0;
				GCC_PREPROCESSOR_DEFINITIONS = (
					"DEBUG=1",
					"$(inherited)",
				);
				GCC_WARN_64_TO_32_BIT_CONVERSION = YES;
				GCC_WARN_ABOUT_RETURN_TYPE = YES_ERROR;
				GCC_WARN_UNDECLARED_SELECTOR = YES;
				GCC_WARN_UNINITIALIZED_AUTOS = YES_AGGRESSIVE;
				GCC_WARN_UNUSED_FUNCTION = YES;
				GCC_WARN_UNUSED_VARIABLE = YES;
				IPHONEOS_DEPLOYMENT_TARGET = 10.3;
				MTL_ENABLE_DEBUG_INFO = YES;
				ONLY_ACTIVE_ARCH = YES;
				SDKROOT = iphoneos;
				SWIFT_ACTIVE_COMPILATION_CONDITIONS = DEBUG;
				SWIFT_OPTIMIZATION_LEVEL = "-Onone";
			};
			name = Debug;
		};
		638802281EBE1ED30056A9B8 /* Release */ = {
			isa = XCBuildConfiguration;
			buildSettings = {
				ALWAYS_SEARCH_USER_PATHS = NO;
				CLANG_ANALYZER_NONNULL = YES;
				CLANG_ANALYZER_NUMBER_OBJECT_CONVERSION = YES_AGGRESSIVE;
				CLANG_CXX_LANGUAGE_STANDARD = "gnu++0x";
				CLANG_CXX_LIBRARY = "libc++";
				CLANG_ENABLE_MODULES = YES;
				CLANG_ENABLE_OBJC_ARC = YES;
				CLANG_WARN_BOOL_CONVERSION = YES;
				CLANG_WARN_CONSTANT_CONVERSION = YES;
				CLANG_WARN_DIRECT_OBJC_ISA_USAGE = YES_ERROR;
				CLANG_WARN_DOCUMENTATION_COMMENTS = YES;
				CLANG_WARN_EMPTY_BODY = YES;
				CLANG_WARN_ENUM_CONVERSION = YES;
				CLANG_WARN_INFINITE_RECURSION = YES;
				CLANG_WARN_INT_CONVERSION = YES;
				CLANG_WARN_OBJC_ROOT_CLASS = YES_ERROR;
				CLANG_WARN_SUSPICIOUS_MOVE = YES;
				CLANG_WARN_UNREACHABLE_CODE = YES;
				CLANG_WARN__DUPLICATE_METHOD_MATCH = YES;
				"CODE_SIGN_IDENTITY[sdk=iphoneos*]" = "iPhone Developer";
				COPY_PHASE_STRIP = NO;
				DEBUG_INFORMATION_FORMAT = "dwarf-with-dsym";
				ENABLE_NS_ASSERTIONS = NO;
				ENABLE_STRICT_OBJC_MSGSEND = YES;
				GCC_C_LANGUAGE_STANDARD = gnu99;
				GCC_NO_COMMON_BLOCKS = YES;
				GCC_WARN_64_TO_32_BIT_CONVERSION = YES;
				GCC_WARN_ABOUT_RETURN_TYPE = YES_ERROR;
				GCC_WARN_UNDECLARED_SELECTOR = YES;
				GCC_WARN_UNINITIALIZED_AUTOS = YES_AGGRESSIVE;
				GCC_WARN_UNUSED_FUNCTION = YES;
				GCC_WARN_UNUSED_VARIABLE = YES;
				IPHONEOS_DEPLOYMENT_TARGET = 10.3;
				MTL_ENABLE_DEBUG_INFO = NO;
				SDKROOT = iphoneos;
				SWIFT_OPTIMIZATION_LEVEL = "-Owholemodule";
				VALIDATE_PRODUCT = YES;
			};
			name = Release;
		};
		6388022A1EBE1ED30056A9B8 /* Debug */ = {
			isa = XCBuildConfiguration;
			baseConfigurationReference = 24B67397F86CAE8C456645BF /* Pods-firebaseAuthTest.debug.xcconfig */;
			buildSettings = {
				ASSETCATALOG_COMPILER_APPICON_NAME = AppIcon;
				DEVELOPMENT_TEAM = EEH4FF7F6Q;
				INFOPLIST_FILE = firebaseAuthTest/Info.plist;
				LD_RUNPATH_SEARCH_PATHS = "$(inherited) @executable_path/Frameworks";
				PRODUCT_BUNDLE_IDENTIFIER = io.cocktail.firebaseAuthTest;
				PRODUCT_NAME = "$(TARGET_NAME)";
				SWIFT_VERSION = 3.0;
			};
			name = Debug;
		};
		6388022B1EBE1ED30056A9B8 /* Release */ = {
			isa = XCBuildConfiguration;
			baseConfigurationReference = 16E319E0F7982D6BD458FD3C /* Pods-firebaseAuthTest.release.xcconfig */;
			buildSettings = {
				ASSETCATALOG_COMPILER_APPICON_NAME = AppIcon;
				DEVELOPMENT_TEAM = EEH4FF7F6Q;
				INFOPLIST_FILE = firebaseAuthTest/Info.plist;
				LD_RUNPATH_SEARCH_PATHS = "$(inherited) @executable_path/Frameworks";
				PRODUCT_BUNDLE_IDENTIFIER = io.cocktail.firebaseAuthTest;
				PRODUCT_NAME = "$(TARGET_NAME)";
				SWIFT_VERSION = 3.0;
			};
			name = Release;
		};
		6388022D1EBE1ED30056A9B8 /* Debug */ = {
			isa = XCBuildConfiguration;
			baseConfigurationReference = 205A3AD914291B268F9D3CDB /* Pods-firebaseAuthTestTests.debug.xcconfig */;
			buildSettings = {
				ALWAYS_EMBED_SWIFT_STANDARD_LIBRARIES = YES;
				BUNDLE_LOADER = "$(TEST_HOST)";
				DEVELOPMENT_TEAM = EEH4FF7F6Q;
				INFOPLIST_FILE = firebaseAuthTestTests/Info.plist;
				LD_RUNPATH_SEARCH_PATHS = "$(inherited) @executable_path/Frameworks @loader_path/Frameworks";
				PRODUCT_BUNDLE_IDENTIFIER = io.cocktail.firebaseAuthTestTests;
				PRODUCT_NAME = "$(TARGET_NAME)";
				SWIFT_VERSION = 3.0;
				TEST_HOST = "$(BUILT_PRODUCTS_DIR)/firebaseAuthTest.app/firebaseAuthTest";
			};
			name = Debug;
		};
		6388022E1EBE1ED30056A9B8 /* Release */ = {
			isa = XCBuildConfiguration;
			baseConfigurationReference = B7F06E0A3F02B0384D0F8536 /* Pods-firebaseAuthTestTests.release.xcconfig */;
			buildSettings = {
				ALWAYS_EMBED_SWIFT_STANDARD_LIBRARIES = YES;
				BUNDLE_LOADER = "$(TEST_HOST)";
				DEVELOPMENT_TEAM = EEH4FF7F6Q;
				INFOPLIST_FILE = firebaseAuthTestTests/Info.plist;
				LD_RUNPATH_SEARCH_PATHS = "$(inherited) @executable_path/Frameworks @loader_path/Frameworks";
				PRODUCT_BUNDLE_IDENTIFIER = io.cocktail.firebaseAuthTestTests;
				PRODUCT_NAME = "$(TARGET_NAME)";
				SWIFT_VERSION = 3.0;
				TEST_HOST = "$(BUILT_PRODUCTS_DIR)/firebaseAuthTest.app/firebaseAuthTest";
			};
			name = Release;
		};
		638802301EBE1ED30056A9B8 /* Debug */ = {
			isa = XCBuildConfiguration;
			baseConfigurationReference = 345AF068C609B5AA2409E0B2 /* Pods-firebaseAuthTestUITests.debug.xcconfig */;
			buildSettings = {
				ALWAYS_EMBED_SWIFT_STANDARD_LIBRARIES = YES;
				DEVELOPMENT_TEAM = EEH4FF7F6Q;
				INFOPLIST_FILE = firebaseAuthTestUITests/Info.plist;
				LD_RUNPATH_SEARCH_PATHS = "$(inherited) @executable_path/Frameworks @loader_path/Frameworks";
				PRODUCT_BUNDLE_IDENTIFIER = io.cocktail.firebaseAuthTestUITests;
				PRODUCT_NAME = "$(TARGET_NAME)";
				SWIFT_VERSION = 3.0;
				TEST_TARGET_NAME = firebaseAuthTest;
			};
			name = Debug;
		};
		638802311EBE1ED30056A9B8 /* Release */ = {
			isa = XCBuildConfiguration;
			baseConfigurationReference = 135B369A3F45C777BE44E764 /* Pods-firebaseAuthTestUITests.release.xcconfig */;
			buildSettings = {
				ALWAYS_EMBED_SWIFT_STANDARD_LIBRARIES = YES;
				DEVELOPMENT_TEAM = EEH4FF7F6Q;
				INFOPLIST_FILE = firebaseAuthTestUITests/Info.plist;
				LD_RUNPATH_SEARCH_PATHS = "$(inherited) @executable_path/Frameworks @loader_path/Frameworks";
				PRODUCT_BUNDLE_IDENTIFIER = io.cocktail.firebaseAuthTestUITests;
				PRODUCT_NAME = "$(TARGET_NAME)";
				SWIFT_VERSION = 3.0;
				TEST_TARGET_NAME = firebaseAuthTest;
			};
			name = Release;
		};
/* End XCBuildConfiguration section */

/* Begin XCConfigurationList section */
		638801FC1EBE1ED30056A9B8 /* Build configuration list for PBXProject "firebaseAuthTest" */ = {
			isa = XCConfigurationList;
			buildConfigurations = (
				638802271EBE1ED30056A9B8 /* Debug */,
				638802281EBE1ED30056A9B8 /* Release */,
			);
			defaultConfigurationIsVisible = 0;
			defaultConfigurationName = Release;
		};
		638802291EBE1ED30056A9B8 /* Build configuration list for PBXNativeTarget "firebaseAuthTest" */ = {
			isa = XCConfigurationList;
			buildConfigurations = (
				6388022A1EBE1ED30056A9B8 /* Debug */,
				6388022B1EBE1ED30056A9B8 /* Release */,
			);
			defaultConfigurationIsVisible = 0;
			defaultConfigurationName = Release;
		};
		6388022C1EBE1ED30056A9B8 /* Build configuration list for PBXNativeTarget "firebaseAuthTestTests" */ = {
			isa = XCConfigurationList;
			buildConfigurations = (
				6388022D1EBE1ED30056A9B8 /* Debug */,
				6388022E1EBE1ED30056A9B8 /* Release */,
			);
			defaultConfigurationIsVisible = 0;
			defaultConfigurationName = Release;
		};
		6388022F1EBE1ED30056A9B8 /* Build configuration list for PBXNativeTarget "firebaseAuthTestUITests" */ = {
			isa = XCConfigurationList;
			buildConfigurations = (
				638802301EBE1ED30056A9B8 /* Debug */,
				638802311EBE1ED30056A9B8 /* Release */,
			);
			defaultConfigurationIsVisible = 0;
			defaultConfigurationName = Release;
		};
/* End XCConfigurationList section */
	};
	rootObject = 638801F91EBE1ED30056A9B8 /* Project object */;
}
